
Microsoft Visual Studio Solution File, Format Version 12.00
# Visual Studio Version 17
VisualStudioVersion = 17.7.34024.191
MinimumVisualStudioVersion = 10.0.40219.1
Project("{FAE04EC0-301F-11D3-BF4B-00C04F79EFBC}") = "EliseoSmuttEjer5", "EliseoSmuttEjer5.csproj", "{0D34D605-80D4-4AAE-9134-5FBF4C5437BD}"
EndProject
Global
	GlobalSection(SolutionConfigurationPlatforms) = preSolution
		Debug|Any CPU = Debug|Any CPU
		Release|Any CPU = Release|Any CPU
	EndGlobalSection
	GlobalSection(ProjectConfigurationPlatforms) = postSolution
		{0D34D605-80D4-4AAE-9134-5FBF4C5437BD}.Debug|Any CPU.ActiveCfg = Debug|Any CPU
		{0D34D605-80D4-4AAE-9134-5FBF4C5437BD}.Debug|Any CPU.Build.0 = Debug|Any CPU
		{0D34D605-80D4-4AAE-9134-5FBF4C5437BD}.Release|Any CPU.ActiveCfg = Release|Any CPU
		{0D34D605-80D4-4AAE-9134-5FBF4C5437BD}.Release|Any CPU.Build.0 = Release|Any CPU
	EndGlobalSection
	GlobalSection(SolutionProperties) = preSolution
		HideSolutionNode = FALSE
	EndGlobalSection
	GlobalSection(ExtensibilityGlobals) = postSolution
		SolutionGuid = {4811FAB1-321E-4E06-B487-C012EFDC5CBC}
	EndGlobalSection
EndGlobal
